
Microsoft Visual Studio Solution File, Format Version 12.00
# Visual Studio Version 17
VisualStudioVersion = 17.9.34728.123
MinimumVisualStudioVersion = 10.0.40219.1
Project("{FAE04EC0-301F-11D3-BF4B-00C04F79EFBC}") = "PROG_POE_3", "PROG_POE_3.csproj", "{F7FDAB64-212C-4175-B3A7-738934B56FF5}"
EndProject
Project("{2150E333-8FDC-42A3-9474-1A3956D46DE8}") = "Solution Items", "Solution Items", "{F9CB3F25-7CED-489E-BA54-54DB37DBC465}"
EndProject
Global
	GlobalSection(SolutionConfigurationPlatforms) = preSolution
		Debug|Any CPU = Debug|Any CPU
		Release|Any CPU = Release|Any CPU
	EndGlobalSection
	GlobalSection(ProjectConfigurationPlatforms) = postSolution
		{F7FDAB64-212C-4175-B3A7-738934B56FF5}.Debug|Any CPU.ActiveCfg = Debug|Any CPU
		{F7FDAB64-212C-4175-B3A7-738934B56FF5}.Debug|Any CPU.Build.0 = Debug|Any CPU
		{F7FDAB64-212C-4175-B3A7-738934B56FF5}.Release|Any CPU.ActiveCfg = Release|Any CPU
		{F7FDAB64-212C-4175-B3A7-738934B56FF5}.Release|Any CPU.Build.0 = Release|Any CPU
	EndGlobalSection
	GlobalSection(SolutionProperties) = preSolution
		HideSolutionNode = FALSE
	EndGlobalSection
	GlobalSection(ExtensibilityGlobals) = postSolution
		SolutionGuid = {FFB25636-95BC-4064-940E-A8EBE739D6AB}
	EndGlobalSection
EndGlobal
